Microsoft Visual Studio Solution File, Format Version 12.00
# Visual Studio Version 17
VisualStudioVersion = 17.5.2.0
MinimumVisualStudioVersion = 10.0.40219.1
Project("{FAE04EC0-301F-11D3-BF4B-00C04F79EFBC}") = "Server_Qchat_API", "Server_Qchat_API.csproj", "{3966C362-FF2B-A0D0-9DA2-CCE990B3418E}"
EndProject
Global
	GlobalSection(SolutionConfigurationPlatforms) = preSolution
		Debug|Any CPU = Debug|Any CPU
		Release|Any CPU = Release|Any CPU
	EndGlobalSection
	GlobalSection(ProjectConfigurationPlatforms) = postSolution
		{3966C362-FF2B-A0D0-9DA2-CCE990B3418E}.Debug|Any CPU.ActiveCfg = Debug|Any CPU
		{3966C362-FF2B-A0D0-9DA2-CCE990B3418E}.Debug|Any CPU.Build.0 = Debug|Any CPU
		{3966C362-FF2B-A0D0-9DA2-CCE990B3418E}.Release|Any CPU.ActiveCfg = Release|Any CPU
		{3966C362-FF2B-A0D0-9DA2-CCE990B3418E}.Release|Any CPU.Build.0 = Release|Any CPU
	EndGlobalSection
	GlobalSection(SolutionProperties) = preSolution
		HideSolutionNode = FALSE
	EndGlobalSection
	GlobalSection(ExtensibilityGlobals) = postSolution
		SolutionGuid = {91356F41-D894-4F1B-8C4B-EF93933F75ED}
	EndGlobalSection
EndGlobal
